
Microsoft Visual Studio Solution File, Format Version 12.00
# Visual Studio Version 17
VisualStudioVersion = 17.9.34728.123
MinimumVisualStudioVersion = 10.0.40219.1
Project("{FAE04EC0-301F-11D3-BF4B-00C04F79EFBC}") = "SnakeGameWPF", "SnakeGameWPF\SnakeGameWPF.csproj", "{421BB147-8C00-4D4C-A6BA-44BCF97448AA}"
EndProject
Project("{2150E333-8FDC-42A3-9474-1A3956D46DE8}") = "Solution Items", "Solution Items", "{B0772E15-7E94-40E1-A746-96961373E337}"
EndProject
Global
	GlobalSection(SolutionConfigurationPlatforms) = preSolution
		Debug|Any CPU = Debug|Any CPU
		Release|Any CPU = Release|Any CPU
	EndGlobalSection
	GlobalSection(ProjectConfigurationPlatforms) = postSolution
		{421BB147-8C00-4D4C-A6BA-44BCF97448AA}.Debug|Any CPU.ActiveCfg = Debug|Any CPU
		{421BB147-8C00-4D4C-A6BA-44BCF97448AA}.Debug|Any CPU.Build.0 = Debug|Any CPU
		{421BB147-8C00-4D4C-A6BA-44BCF97448AA}.Release|Any CPU.ActiveCfg = Release|Any CPU
		{421BB147-8C00-4D4C-A6BA-44BCF97448AA}.Release|Any CPU.Build.0 = Release|Any CPU
	EndGlobalSection
	GlobalSection(SolutionProperties) = preSolution
		HideSolutionNode = FALSE
	EndGlobalSection
	GlobalSection(ExtensibilityGlobals) = postSolution
		SolutionGuid = {1B782DEB-BE42-4A61-8207-96F167BA35A2}
	EndGlobalSection
EndGlobal
